
Microsoft Visual Studio Solution File, Format Version 12.00
# Visual Studio Version 17
VisualStudioVersion = 17.9.34723.18
MinimumVisualStudioVersion = 10.0.40219.1
Project("{9A19103F-16F7-4668-BE54-9A1E7A4F7556}") = "FunIdGenerator", "FunIdGenerator\FunIdGenerator.csproj", "{36F164F3-D054-4408-98FB-ED5D746DEA7F}"
EndProject
Project("{FAE04EC0-301F-11D3-BF4B-00C04F79EFBC}") = "FunIdGenerator.Tests", "FunIdGenerator.Tests\FunIdGenerator.Tests.csproj", "{C48C2D9C-A0B0-4DD7-8ABD-2A2AAB8F6716}"
EndProject
Project("{FAE04EC0-301F-11D3-BF4B-00C04F79EFBC}") = "FunIdGenerator.App", "FunIdGenerator.App\FunIdGenerator.App.csproj", "{0438352E-8235-436C-8C9F-0EE216F7C039}"
EndProject
Global
	GlobalSection(SolutionConfigurationPlatforms) = preSolution
		Debug|Any CPU = Debug|Any CPU
		Release|Any CPU = Release|Any CPU
	EndGlobalSection
	GlobalSection(ProjectConfigurationPlatforms) = postSolution
		{36F164F3-D054-4408-98FB-ED5D746DEA7F}.Debug|Any CPU.ActiveCfg = Debug|Any CPU
		{36F164F3-D054-4408-98FB-ED5D746DEA7F}.Debug|Any CPU.Build.0 = Debug|Any CPU
		{36F164F3-D054-4408-98FB-ED5D746DEA7F}.Release|Any CPU.ActiveCfg = Release|Any CPU
		{36F164F3-D054-4408-98FB-ED5D746DEA7F}.Release|Any CPU.Build.0 = Release|Any CPU
		{C48C2D9C-A0B0-4DD7-8ABD-2A2AAB8F6716}.Debug|Any CPU.ActiveCfg = Debug|Any CPU
		{C48C2D9C-A0B0-4DD7-8ABD-2A2AAB8F6716}.Debug|Any CPU.Build.0 = Debug|Any CPU
		{C48C2D9C-A0B0-4DD7-8ABD-2A2AAB8F6716}.Release|Any CPU.ActiveCfg = Release|Any CPU
		{C48C2D9C-A0B0-4DD7-8ABD-2A2AAB8F6716}.Release|Any CPU.Build.0 = Release|Any CPU
		{0438352E-8235-436C-8C9F-0EE216F7C039}.Debug|Any CPU.ActiveCfg = Debug|Any CPU
		{0438352E-8235-436C-8C9F-0EE216F7C039}.Debug|Any CPU.Build.0 = Debug|Any CPU
		{0438352E-8235-436C-8C9F-0EE216F7C039}.Release|Any CPU.ActiveCfg = Release|Any CPU
		{0438352E-8235-436C-8C9F-0EE216F7C039}.Release|Any CPU.Build.0 = Release|Any CPU
	EndGlobalSection
	GlobalSection(SolutionProperties) = preSolution
		HideSolutionNode = FALSE
	EndGlobalSection
	GlobalSection(ExtensibilityGlobals) = postSolution
		SolutionGuid = {7B46802A-5A01-4354-A6BB-E4D1D68BF4A4}
	EndGlobalSection
EndGlobal
